
Microsoft Visual Studio Solution File, Format Version 12.00
# Visual Studio Version 16
VisualStudioVersion = 16.0.30717.126
MinimumVisualStudioVersion = 10.0.40219.1
Project("{FAE04EC0-301F-11D3-BF4B-00C04F79EFBC}") = "FourthWebProject2", "FourthWebProject2\FourthWebProject2.csproj", "{D787DC8B-B747-4D60-AF2B-822147FA4B14}"
EndProject
Global
	GlobalSection(SolutionConfigurationPlatforms) = preSolution
		Debug|Any CPU = Debug|Any CPU
		Release|Any CPU = Release|Any CPU
	EndGlobalSection
	GlobalSection(ProjectConfigurationPlatforms) = postSolution
		{D787DC8B-B747-4D60-AF2B-822147FA4B14}.Debug|Any CPU.ActiveCfg = Debug|Any CPU
		{D787DC8B-B747-4D60-AF2B-822147FA4B14}.Debug|Any CPU.Build.0 = Debug|Any CPU
		{D787DC8B-B747-4D60-AF2B-822147FA4B14}.Release|Any CPU.ActiveCfg = Release|Any CPU
		{D787DC8B-B747-4D60-AF2B-822147FA4B14}.Release|Any CPU.Build.0 = Release|Any CPU
	EndGlobalSection
	GlobalSection(SolutionProperties) = preSolution
		HideSolutionNode = FALSE
	EndGlobalSection
	GlobalSection(ExtensibilityGlobals) = postSolution
		SolutionGuid = {0D76E538-7CEB-4B7C-9CD3-44449D5699A2}
	EndGlobalSection
EndGlobal
