
Microsoft Visual Studio Solution File, Format Version 12.00
# Visual Studio Version 16
VisualStudioVersion = 16.0.30717.126
MinimumVisualStudioVersion = 10.0.40219.1
Project("{FAE04EC0-301F-11D3-BF4B-00C04F79EFBC}") = "ThirdWebProject2", "ThirdWebProject2\ThirdWebProject2.csproj", "{21A5DE67-D492-4599-BA77-B4BE930B6E68}"
EndProject
Global
	GlobalSection(SolutionConfigurationPlatforms) = preSolution
		Debug|Any CPU = Debug|Any CPU
		Release|Any CPU = Release|Any CPU
	EndGlobalSection
	GlobalSection(ProjectConfigurationPlatforms) = postSolution
		{21A5DE67-D492-4599-BA77-B4BE930B6E68}.Debug|Any CPU.ActiveCfg = Debug|Any CPU
		{21A5DE67-D492-4599-BA77-B4BE930B6E68}.Debug|Any CPU.Build.0 = Debug|Any CPU
		{21A5DE67-D492-4599-BA77-B4BE930B6E68}.Release|Any CPU.ActiveCfg = Release|Any CPU
		{21A5DE67-D492-4599-BA77-B4BE930B6E68}.Release|Any CPU.Build.0 = Release|Any CPU
	EndGlobalSection
	GlobalSection(SolutionProperties) = preSolution
		HideSolutionNode = FALSE
	EndGlobalSection
	GlobalSection(ExtensibilityGlobals) = postSolution
		SolutionGuid = {FF11968D-E1F6-49A3-AD98-34D84E1CC697}
	EndGlobalSection
EndGlobal
