
Microsoft Visual Studio Solution File, Format Version 12.00
# Visual Studio Version 16
VisualStudioVersion = 16.0.30717.126
MinimumVisualStudioVersion = 10.0.40219.1
Project("{FAE04EC0-301F-11D3-BF4B-00C04F79EFBC}") = "Shop", "Shop\Shop.csproj", "{4F161993-D094-4051-AC16-949CD87E8F42}"
EndProject
Global
	GlobalSection(SolutionConfigurationPlatforms) = preSolution
		Debug|Any CPU = Debug|Any CPU
		Release|Any CPU = Release|Any CPU
	EndGlobalSection
	GlobalSection(ProjectConfigurationPlatforms) = postSolution
		{4F161993-D094-4051-AC16-949CD87E8F42}.Debug|Any CPU.ActiveCfg = Debug|Any CPU
		{4F161993-D094-4051-AC16-949CD87E8F42}.Debug|Any CPU.Build.0 = Debug|Any CPU
		{4F161993-D094-4051-AC16-949CD87E8F42}.Release|Any CPU.ActiveCfg = Release|Any CPU
		{4F161993-D094-4051-AC16-949CD87E8F42}.Release|Any CPU.Build.0 = Release|Any CPU
	EndGlobalSection
	GlobalSection(SolutionProperties) = preSolution
		HideSolutionNode = FALSE
	EndGlobalSection
	GlobalSection(ExtensibilityGlobals) = postSolution
		SolutionGuid = {55E2B83B-0A7F-458B-BB05-6907E2D3B6D7}
	EndGlobalSection
EndGlobal
